
Microsoft Visual Studio Solution File, Format Version 12.00
# Visual Studio 15
VisualStudioVersion = 15.0.27703.2000
MinimumVisualStudioVersion = 10.0.40219.1
Project("{FAE04EC0-301F-11D3-BF4B-00C04F79EFBC}") = "PrototypeDesignPattern", "PrototypeDesignPattern\PrototypeDesignPattern.csproj", "{FAA67657-572A-4FF6-A733-A39E0512076A}"
EndProject
Global
	GlobalSection(SolutionConfigurationPlatforms) = preSolution
		Debug|Any CPU = Debug|Any CPU
		Release|Any CPU = Release|Any CPU
	EndGlobalSection
	GlobalSection(ProjectConfigurationPlatforms) = postSolution
		{FAA67657-572A-4FF6-A733-A39E0512076A}.Debug|Any CPU.ActiveCfg = Debug|Any CPU
		{FAA67657-572A-4FF6-A733-A39E0512076A}.Debug|Any CPU.Build.0 = Debug|Any CPU
		{FAA67657-572A-4FF6-A733-A39E0512076A}.Release|Any CPU.ActiveCfg = Release|Any CPU
		{FAA67657-572A-4FF6-A733-A39E0512076A}.Release|Any CPU.Build.0 = Release|Any CPU
	EndGlobalSection
	GlobalSection(SolutionProperties) = preSolution
		HideSolutionNode = FALSE
	EndGlobalSection
	GlobalSection(ExtensibilityGlobals) = postSolution
		SolutionGuid = {4C2A14A0-FA91-461F-BE50-7272FD7C86C9}
	EndGlobalSection
EndGlobal
